
Microsoft Visual Studio Solution File, Format Version 12.00
# Visual Studio Version 16
VisualStudioVersion = 16.0.30804.86
MinimumVisualStudioVersion = 10.0.40219.1
Project("{8BC9CEB8-8B4A-11D0-8D11-00A0C91BC942}") = "PE5", "PE5.vcxproj", "{29A3B579-E77A-43D4-B40A-1E85B13D51F6}"
EndProject
Global
	GlobalSection(SolutionConfigurationPlatforms) = preSolution
		Debug|x64 = Debug|x64
		Debug|x86 = Debug|x86
		Release|x64 = Release|x64
		Release|x86 = Release|x86
	EndGlobalSection
	GlobalSection(ProjectConfigurationPlatforms) = postSolution
		{29A3B579-E77A-43D4-B40A-1E85B13D51F6}.Debug|x64.ActiveCfg = Debug|x64
		{29A3B579-E77A-43D4-B40A-1E85B13D51F6}.Debug|x64.Build.0 = Debug|x64
		{29A3B579-E77A-43D4-B40A-1E85B13D51F6}.Debug|x86.ActiveCfg = Debug|Win32
		{29A3B579-E77A-43D4-B40A-1E85B13D51F6}.Debug|x86.Build.0 = Debug|Win32
		{29A3B579-E77A-43D4-B40A-1E85B13D51F6}.Release|x64.ActiveCfg = Release|x64
		{29A3B579-E77A-43D4-B40A-1E85B13D51F6}.Release|x64.Build.0 = Release|x64
		{29A3B579-E77A-43D4-B40A-1E85B13D51F6}.Release|x86.ActiveCfg = Release|Win32
		{29A3B579-E77A-43D4-B40A-1E85B13D51F6}.Release|x86.Build.0 = Release|Win32
	EndGlobalSection
	GlobalSection(SolutionProperties) = preSolution
		HideSolutionNode = FALSE
	EndGlobalSection
	GlobalSection(ExtensibilityGlobals) = postSolution
		SolutionGuid = {29E742CC-43E6-4FCA-98B1-7C0DA3AF1292}
	EndGlobalSection
EndGlobal
